
Microsoft Visual Studio Solution File, Format Version 12.00
# Visual Studio Version 17
VisualStudioVersion = 17.4.32804.182
MinimumVisualStudioVersion = 10.0.40219.1
Project("{2150E333-8FDC-42A3-9474-1A3956D46DE8}") = "src", "src", "{5501E1EA-A1CB-461F-BAF6-9B9620787955}"
EndProject
Project("{2150E333-8FDC-42A3-9474-1A3956D46DE8}") = "test", "test", "{5610A718-17FD-42CD-9E7F-E7E33E03BAE8}"
EndProject
Project("{9A19103F-16F7-4668-BE54-9A1E7A4F7556}") = "CarDealerAPI", "CarDealerAPI\CarDealerAPI.csproj", "{5734886F-0052-43E3-A3DF-3E330C53CA7B}"
EndProject
Project("{9A19103F-16F7-4668-BE54-9A1E7A4F7556}") = "CarDealerAPI.IntegrationTests", "CarDealerAPI.IntegrationTests\CarDealerAPI.IntegrationTests.csproj", "{A0627B50-10B9-41E1-A399-3B3A83669439}"
EndProject
Global
	GlobalSection(SolutionConfigurationPlatforms) = preSolution
		Debug|Any CPU = Debug|Any CPU
		Release|Any CPU = Release|Any CPU
	EndGlobalSection
	GlobalSection(ProjectConfigurationPlatforms) = postSolution
		{5734886F-0052-43E3-A3DF-3E330C53CA7B}.Debug|Any CPU.ActiveCfg = Debug|Any CPU
		{5734886F-0052-43E3-A3DF-3E330C53CA7B}.Debug|Any CPU.Build.0 = Debug|Any CPU
		{5734886F-0052-43E3-A3DF-3E330C53CA7B}.Release|Any CPU.ActiveCfg = Release|Any CPU
		{5734886F-0052-43E3-A3DF-3E330C53CA7B}.Release|Any CPU.Build.0 = Release|Any CPU
		{A0627B50-10B9-41E1-A399-3B3A83669439}.Debug|Any CPU.ActiveCfg = Debug|Any CPU
		{A0627B50-10B9-41E1-A399-3B3A83669439}.Debug|Any CPU.Build.0 = Debug|Any CPU
		{A0627B50-10B9-41E1-A399-3B3A83669439}.Release|Any CPU.ActiveCfg = Release|Any CPU
		{A0627B50-10B9-41E1-A399-3B3A83669439}.Release|Any CPU.Build.0 = Release|Any CPU
	EndGlobalSection
	GlobalSection(SolutionProperties) = preSolution
		HideSolutionNode = FALSE
	EndGlobalSection
	GlobalSection(NestedProjects) = preSolution
		{5734886F-0052-43E3-A3DF-3E330C53CA7B} = {5501E1EA-A1CB-461F-BAF6-9B9620787955}
		{A0627B50-10B9-41E1-A399-3B3A83669439} = {5610A718-17FD-42CD-9E7F-E7E33E03BAE8}
	EndGlobalSection
	GlobalSection(ExtensibilityGlobals) = postSolution
		SolutionGuid = {97AC19CF-417E-4286-9AD9-AD466F0DD0B1}
	EndGlobalSection
EndGlobal
